
Microsoft Visual Studio Solution File, Format Version 12.00
# Visual Studio 15
Project("{FAE04EC0-301F-11D3-BF4B-00C04F79EFBC}") = "Gnb.BusinessMen.Api", "Gnb.BusinessMen.Api\Gnb.BusinessMen.Api.csproj", "{B60BAD35-FD1F-405B-97D8-310A478A184C}"
EndProject
Project("{FAE04EC0-301F-11D3-BF4B-00C04F79EFBC}") = "Gnb.BusinessMen.Model", "Gnb.BusinessMen.Model\Gnb.BusinessMen.Model.csproj", "{00A3C6F4-E902-4247-A907-C6A37AF32F93}"
EndProject
Project("{FAE04EC0-301F-11D3-BF4B-00C04F79EFBC}") = "Gnb.BusinessMen.Data", "Gnb.BusinessMen.Data\Gnb.BusinessMen.Data.csproj", "{6D0D4059-5F5F-4A02-A5BC-1894E774AD14}"
EndProject
Project("{FAE04EC0-301F-11D3-BF4B-00C04F79EFBC}") = "Gnb.BusinessMen.Service", "Gnb.BusinessMen.Service\Gnb.BusinessMen.Service.csproj", "{1DB0D494-CA48-4A9E-88EE-94EE110D8011}"
EndProject
Global
	GlobalSection(SolutionConfigurationPlatforms) = preSolution
		Debug|Any CPU = Debug|Any CPU
		Release|Any CPU = Release|Any CPU
	EndGlobalSection
	GlobalSection(ProjectConfigurationPlatforms) = postSolution
		{B60BAD35-FD1F-405B-97D8-310A478A184C}.Debug|Any CPU.ActiveCfg = Debug|Any CPU
		{B60BAD35-FD1F-405B-97D8-310A478A184C}.Debug|Any CPU.Build.0 = Debug|Any CPU
		{B60BAD35-FD1F-405B-97D8-310A478A184C}.Release|Any CPU.ActiveCfg = Release|Any CPU
		{B60BAD35-FD1F-405B-97D8-310A478A184C}.Release|Any CPU.Build.0 = Release|Any CPU
		{00A3C6F4-E902-4247-A907-C6A37AF32F93}.Debug|Any CPU.ActiveCfg = Debug|Any CPU
		{00A3C6F4-E902-4247-A907-C6A37AF32F93}.Debug|Any CPU.Build.0 = Debug|Any CPU
		{00A3C6F4-E902-4247-A907-C6A37AF32F93}.Release|Any CPU.ActiveCfg = Release|Any CPU
		{00A3C6F4-E902-4247-A907-C6A37AF32F93}.Release|Any CPU.Build.0 = Release|Any CPU
		{6D0D4059-5F5F-4A02-A5BC-1894E774AD14}.Debug|Any CPU.ActiveCfg = Debug|Any CPU
		{6D0D4059-5F5F-4A02-A5BC-1894E774AD14}.Debug|Any CPU.Build.0 = Debug|Any CPU
		{6D0D4059-5F5F-4A02-A5BC-1894E774AD14}.Release|Any CPU.ActiveCfg = Release|Any CPU
		{6D0D4059-5F5F-4A02-A5BC-1894E774AD14}.Release|Any CPU.Build.0 = Release|Any CPU
		{1DB0D494-CA48-4A9E-88EE-94EE110D8011}.Debug|Any CPU.ActiveCfg = Debug|Any CPU
		{1DB0D494-CA48-4A9E-88EE-94EE110D8011}.Debug|Any CPU.Build.0 = Debug|Any CPU
		{1DB0D494-CA48-4A9E-88EE-94EE110D8011}.Release|Any CPU.ActiveCfg = Release|Any CPU
		{1DB0D494-CA48-4A9E-88EE-94EE110D8011}.Release|Any CPU.Build.0 = Release|Any CPU
	EndGlobalSection
EndGlobal
